
Microsoft Visual Studio Solution File, Format Version 12.00
# Visual Studio Version 17
VisualStudioVersion = 17.6.33829.357
MinimumVisualStudioVersion = 10.0.40219.1
Project("{FAE04EC0-301F-11D3-BF4B-00C04F79EFBC}") = "TodoNETCore", "todo-netcore\TodoNETCore.csproj", "{EF6F861D-C291-4FF2-B66E-F8B839146F62}"
EndProject
Global
	GlobalSection(SolutionConfigurationPlatforms) = preSolution
		Debug|Any CPU = Debug|Any CPU
		Release|Any CPU = Release|Any CPU
	EndGlobalSection
	GlobalSection(ProjectConfigurationPlatforms) = postSolution
		{EF6F861D-C291-4FF2-B66E-F8B839146F62}.Debug|Any CPU.ActiveCfg = Debug|Any CPU
		{EF6F861D-C291-4FF2-B66E-F8B839146F62}.Debug|Any CPU.Build.0 = Debug|Any CPU
		{EF6F861D-C291-4FF2-B66E-F8B839146F62}.Release|Any CPU.ActiveCfg = Release|Any CPU
		{EF6F861D-C291-4FF2-B66E-F8B839146F62}.Release|Any CPU.Build.0 = Release|Any CPU
	EndGlobalSection
	GlobalSection(SolutionProperties) = preSolution
		HideSolutionNode = FALSE
	EndGlobalSection
	GlobalSection(ExtensibilityGlobals) = postSolution
		SolutionGuid = {F3E4E706-2911-4D3C-8B16-4E87C48DF041}
	EndGlobalSection
EndGlobal
